// !$*UTF8*$!
{
	archiveVersion = 1;
	classes = {
	};
	objectVersion = 46;
	objects = {

/* Begin PBXBuildFile section */
		1877A0481B88CDD200669912 /* main.m in Sources */ = {isa = PBXBuildFile; fileRef = 1877A0471B88CDD200669912 /* main.m */; };
		1877A04B1B88CDD200669912 /* AppDelegate.m in Sources */ = {isa = PBXBuildFile; fileRef = 1877A04A1B88CDD200669912 /* AppDelegate.m */; };
		1877A0531B88CDD200669912 /* Images.xcassets in Resources */ = {isa = PBXBuildFile; fileRef = 1877A0521B88CDD200669912 /* Images.xcassets */; };
		1877A0621B88CDD200669912 /* animotionDemo1Tests.m in Sources */ = {isa = PBXBuildFile; fileRef = 1877A0611B88CDD200669912 /* animotionDemo1Tests.m */; };
		1877A0761B88CE0E00669912 /* ViewController.m in Sources */ = {isa = PBXBuildFile; fileRef = 1877A06F1B88CE0E00669912 /* ViewController.m */; };
		1877A0771B88CE0E00669912 /* WDCircleAnimationViewController.m in Sources */ = {isa = PBXBuildFile; fileRef = 1877A0711B88CE0E00669912 /* WDCircleAnimationViewController.m */; };
		1877A0781B88CE0E00669912 /* WDImageAnimationViewController.m in Sources */ = {isa = PBXBuildFile; fileRef = 1877A0731B88CE0E00669912 /* WDImageAnimationViewController.m */; };
		1877A07A1B88CE2100669912 /* Main.storyboard in Resources */ = {isa = PBXBuildFile; fileRef = 1877A0791B88CE2100669912 /* Main.storyboard */; };
		1877A07D1B88D38900669912 /* WDProgressViewController.m in Sources */ = {isa = PBXBuildFile; fileRef = 1877A07C1B88D38900669912 /* WDProgressViewController.m */; };
		1877A0901B88D3BC00669912 /* ACPDownloadConstants.m in Sources */ = {isa = PBXBuildFile; fileRef = 1877A0811B88D3BC00669912 /* ACPDownloadConstants.m */; };
		1877A0911B88D3BC00669912 /* ACPDownloadView.m in Sources */ = {isa = PBXBuildFile; fileRef = 1877A0831B88D3BC00669912 /* ACPDownloadView.m */; };
		1877A0921B88D3BC00669912 /* ACPIndeterminateGoogleLayer.m in Sources */ = {isa = PBXBuildFile; fileRef = 1877A0851B88D3BC00669912 /* ACPIndeterminateGoogleLayer.m */; };
		1877A0931B88D3BC00669912 /* ACPIndeterminateLayer.m in Sources */ = {isa = PBXBuildFile; fileRef = 1877A0871B88D3BC00669912 /* ACPIndeterminateLayer.m */; };
		1877A0941B88D3BC00669912 /* ACPProgressLayer.m in Sources */ = {isa = PBXBuildFile; fileRef = 1877A08A1B88D3BC00669912 /* ACPProgressLayer.m */; };
		1877A0951B88D3BC00669912 /* ACPStaticImages.m in Sources */ = {isa = PBXBuildFile; fileRef = 1877A08C1B88D3BC00669912 /* ACPStaticImages.m */; };
		1877A0961B88D3BC00669912 /* ACPStaticImagesAlternative.m in Sources */ = {isa = PBXBuildFile; fileRef = 1877A08E1B88D3BC00669912 /* ACPStaticImagesAlternative.m */; };
		18D3DDCB1B88D5710003DC7C /* SDBallProgressView.m in Sources */ = {isa = PBXBuildFile; fileRef = 18D3DDBD1B88D5710003DC7C /* SDBallProgressView.m */; };
		18D3DDCC1B88D5710003DC7C /* SDBaseProgressView.m in Sources */ = {isa = PBXBuildFile; fileRef = 18D3DDBF1B88D5710003DC7C /* SDBaseProgressView.m */; };
		18D3DDCD1B88D5710003DC7C /* SDLoopProgressView.m in Sources */ = {isa = PBXBuildFile; fileRef = 18D3DDC11B88D5710003DC7C /* SDLoopProgressView.m */; };
		18D3DDCE1B88D5710003DC7C /* SDPieLoopProgressView.m in Sources */ = {isa = PBXBuildFile; fileRef = 18D3DDC31B88D5710003DC7C /* SDPieLoopProgressView.m */; };
		18D3DDCF1B88D5710003DC7C /* SDPieProgressView.m in Sources */ = {isa = PBXBuildFile; fileRef = 18D3DDC51B88D5710003DC7C /* SDPieProgressView.m */; };
		18D3DDD01B88D5710003DC7C /* SDRotationLoopProgressView.m in Sources */ = {isa = PBXBuildFile; fileRef = 18D3DDC81B88D5710003DC7C /* SDRotationLoopProgressView.m */; };
		18D3DDD11B88D5710003DC7C /* SDTransparentPieProgressView.m in Sources */ = {isa = PBXBuildFile; fileRef = 18D3DDCA1B88D5710003DC7C /* SDTransparentPieProgressView.m */; };
		18D3DDD41B88D6140003DC7C /* SDDemoItemView.m in Sources */ = {isa = PBXBuildFile; fileRef = 18D3DDD31B88D6140003DC7C /* SDDemoItemView.m */; };
/* End PBXBuildFile section */

/* Begin PBXContainerItemProxy section */
		1877A05C1B88CDD200669912 /* PBXContainerItemProxy */ = {
			isa = PBXContainerItemProxy;
			containerPortal = 1877A03A1B88CDD200669912 /* Project object */;
			proxyType = 1;
			remoteGlobalIDString = 1877A0411B88CDD200669912;
			remoteInfo = animotionDemo1;
		};
/* End PBXContainerItemProxy section */

/* Begin PBXFileReference section */
		1877A0421B88CDD200669912 /* animotionDemo1.app */ = {isa = PBXFileReference; explicitFileType = wrapper.application; includeInIndex = 0; path = animotionDemo1.app; sourceTree = BUILT_PRODUCTS_DIR; };
		1877A0461B88CDD200669912 /* Info.plist */ = {isa = PBXFileReference; lastKnownFileType = text.plist.xml; path = Info.plist; sourceTree = "<group>"; };
		1877A0471B88CDD200669912 /* main.m */ = {isa = PBXFileReference; lastKnownFileType = sourcecode.c.objc; path = main.m; sourceTree = "<group>"; };
		1877A0491B88CDD200669912 /* AppDelegate.h */ = {isa = PBXFileReference; lastKnownFileType = sourcecode.c.h; name = AppDelegate.h; path = ../AppDelegate.h; sourceTree = "<group>"; };
		1877A04A1B88CDD200669912 /* AppDelegate.m */ = {isa = PBXFileReference; lastKnownFileType = sourcecode.c.objc; name = AppDelegate.m; path = ../AppDelegate.m; sourceTree = "<group>"; };
		1877A0521B88CDD200669912 /* Images.xcassets */ = {isa = PBXFileReference; lastKnownFileType = folder.assetcatalog; name = Images.xcassets; path = ../Images.xcassets; sourceTree = "<group>"; };
		1877A05B1B88CDD200669912 /* animotionDemo1Tests.xctest */ = {isa = PBXFileReference; explicitFileType = wrapper.cfbundle; includeInIndex = 0; path = animotionDemo1Tests.xctest; sourceTree = BUILT_PRODUCTS_DIR; };
		1877A0601B88CDD200669912 /* Info.plist */ = {isa = PBXFileReference; lastKnownFileType = text.plist.xml; path = Info.plist; sourceTree = "<group>"; };
		1877A0611B88CDD200669912 /* animotionDemo1Tests.m */ = {isa = PBXFileReference; lastKnownFileType = sourcecode.c.objc; path = animotionDemo1Tests.m; sourceTree = "<group>"; };
		1877A06E1B88CE0E00669912 /* ViewController.h */ = {isa = PBXFileReference; fileEncoding = 4; lastKnownFileType = sourcecode.c.h; path = ViewController.h; sourceTree = "<group>"; };
		1877A06F1B88CE0E00669912 /* ViewController.m */ = {isa = PBXFileReference; fileEncoding = 4; lastKnownFileType = sourcecode.c.objc; path = ViewController.m; sourceTree = "<group>"; };
		1877A0701B88CE0E00669912 /* WDCircleAnimationViewController.h */ = {isa = PBXFileReference; fileEncoding = 4; lastKnownFileType = sourcecode.c.h; path = WDCircleAnimationViewController.h; sourceTree = "<group>"; };
		1877A0711B88CE0E00669912 /* WDCircleAnimationViewController.m */ = {isa = PBXFileReference; fileEncoding = 4; lastKnownFileType = sourcecode.c.objc; path = WDCircleAnimationViewController.m; sourceTree = "<group>"; };
		1877A0721B88CE0E00669912 /* WDImageAnimationViewController.h */ = {isa = PBXFileReference; fileEncoding = 4; lastKnownFileType = sourcecode.c.h; path = WDImageAnimationViewController.h; sourceTree = "<group>"; };
		1877A0731B88CE0E00669912 /* WDImageAnimationViewController.m */ = {isa = PBXFileReference; fileEncoding = 4; lastKnownFileType = sourcecode.c.objc; path = WDImageAnimationViewController.m; sourceTree = "<group>"; };
		1877A0791B88CE2100669912 /* Main.storyboard */ = {isa = PBXFileReference; fileEncoding = 4; lastKnownFileType = file.storyboard; path = Main.storyboard; sourceTree = "<group>"; };
		1877A07B1B88D38900669912 /* WDProgressViewController.h */ = {isa = PBXFileReference; fileEncoding = 4; lastKnownFileType = sourcecode.c.h; path = WDProgressViewController.h; sourceTree = "<group>"; };
		1877A07C1B88D38900669912 /* WDProgressViewController.m */ = {isa = PBXFileReference; fileEncoding = 4; lastKnownFileType = sourcecode.c.objc; path = WDProgressViewController.m; sourceTree = "<group>"; };
		1877A0801B88D3BC00669912 /* ACPDownloadConstants.h */ = {isa = PBXFileReference; fileEncoding = 4; lastKnownFileType = sourcecode.c.h; path = ACPDownloadConstants.h; sourceTree = "<group>"; };
		1877A0811B88D3BC00669912 /* ACPDownloadConstants.m */ = {isa = PBXFileReference; fileEncoding = 4; lastKnownFileType = sourcecode.c.objc; path = ACPDownloadConstants.m; sourceTree = "<group>"; };
		1877A0821B88D3BC00669912 /* ACPDownloadView.h */ = {isa = PBXFileReference; fileEncoding = 4; lastKnownFileType = sourcecode.c.h; path = ACPDownloadView.h; sourceTree = "<group>"; };
		1877A0831B88D3BC00669912 /* ACPDownloadView.m */ = {isa = PBXFileReference; fileEncoding = 4; lastKnownFileType = sourcecode.c.objc; path = ACPDownloadView.m; sourceTree = "<group>"; };
		1877A0841B88D3BC00669912 /* ACPIndeterminateGoogleLayer.h */ = {isa = PBXFileReference; fileEncoding = 4; lastKnownFileType = sourcecode.c.h; path = ACPIndeterminateGoogleLayer.h; sourceTree = "<group>"; };
		1877A0851B88D3BC00669912 /* ACPIndeterminateGoogleLayer.m */ = {isa = PBXFileReference; fileEncoding = 4; lastKnownFileType = sourcecode.c.objc; path = ACPIndeterminateGoogleLayer.m; sourceTree = "<group>"; };
		1877A0861B88D3BC00669912 /* ACPIndeterminateLayer.h */ = {isa = PBXFileReference; fileEncoding = 4; lastKnownFileType = sourcecode.c.h; path = ACPIndeterminateLayer.h; sourceTree = "<group>"; };
		1877A0871B88D3BC00669912 /* ACPIndeterminateLayer.m */ = {isa = PBXFileReference; fileEncoding = 4; lastKnownFileType = sourcecode.c.objc; path = ACPIndeterminateLayer.m; sourceTree = "<group>"; };
		1877A0881B88D3BC00669912 /* ACPLayerProtocol.h */ = {isa = PBXFileReference; fileEncoding = 4; lastKnownFileType = sourcecode.c.h; path = ACPLayerProtocol.h; sourceTree = "<group>"; };
		1877A0891B88D3BC00669912 /* ACPProgressLayer.h */ = {isa = PBXFileReference; fileEncoding = 4; lastKnownFileType = sourcecode.c.h; path = ACPProgressLayer.h; sourceTree = "<group>"; };
		1877A08A1B88D3BC00669912 /* ACPProgressLayer.m */ = {isa = PBXFileReference; fileEncoding = 4; lastKnownFileType = sourcecode.c.objc; path = ACPProgressLayer.m; sourceTree = "<group>"; };
		1877A08B1B88D3BC00669912 /* ACPStaticImages.h */ = {isa = PBXFileReference; fileEncoding = 4; lastKnownFileType = sourcecode.c.h; path = ACPStaticImages.h; sourceTree = "<group>"; };
		1877A08C1B88D3BC00669912 /* ACPStaticImages.m */ = {isa = PBXFileReference; fileEncoding = 4; lastKnownFileType = sourcecode.c.objc; path = ACPStaticImages.m; sourceTree = "<group>"; };
		1877A08D1B88D3BC00669912 /* ACPStaticImagesAlternative.h */ = {isa = PBXFileReference; fileEncoding = 4; lastKnownFileType = sourcecode.c.h; path = ACPStaticImagesAlternative.h; sourceTree = "<group>"; };
		1877A08E1B88D3BC00669912 /* ACPStaticImagesAlternative.m */ = {isa = PBXFileReference; fileEncoding = 4; lastKnownFileType = sourcecode.c.objc; path = ACPStaticImagesAlternative.m; sourceTree = "<group>"; };
		1877A08F1B88D3BC00669912 /* ACPStaticImagesProtocol.h */ = {isa = PBXFileReference; fileEncoding = 4; lastKnownFileType = sourcecode.c.h; path = ACPStaticImagesProtocol.h; sourceTree = "<group>"; };
		18D3DDBC1B88D5710003DC7C /* SDBallProgressView.h */ = {isa = PBXFileReference; fileEncoding = 4; lastKnownFileType = sourcecode.c.h; path = SDBallProgressView.h; sourceTree = "<group>"; };
		18D3DDBD1B88D5710003DC7C /* SDBallProgressView.m */ = {isa = PBXFileReference; fileEncoding = 4; lastKnownFileType = sourcecode.c.objc; path = SDBallProgressView.m; sourceTree = "<group>"; };
		18D3DDBE1B88D5710003DC7C /* SDBaseProgressView.h */ = {isa = PBXFileReference; fileEncoding = 4; lastKnownFileType = sourcecode.c.h; path = SDBaseProgressView.h; sourceTree = "<group>"; };
		18D3DDBF1B88D5710003DC7C /* SDBaseProgressView.m */ = {isa = PBXFileReference; fileEncoding = 4; lastKnownFileType = sourcecode.c.objc; path = SDBaseProgressView.m; sourceTree = "<group>"; };
		18D3DDC01B88D5710003DC7C /* SDLoopProgressView.h */ = {isa = PBXFileReference; fileEncoding = 4; lastKnownFileType = sourcecode.c.h; path = SDLoopProgressView.h; sourceTree = "<group>"; };
		18D3DDC11B88D5710003DC7C /* SDLoopProgressView.m */ = {isa = PBXFileReference; fileEncoding = 4; lastKnownFileType = sourcecode.c.objc; path = SDLoopProgressView.m; sourceTree = "<group>"; };
		18D3DDC21B88D5710003DC7C /* SDPieLoopProgressView.h */ = {isa = PBXFileReference; fileEncoding = 4; lastKnownFileType = sourcecode.c.h; path = SDPieLoopProgressView.h; sourceTree = "<group>"; };
		18D3DDC31B88D5710003DC7C /* SDPieLoopProgressView.m */ = {isa = PBXFileReference; fileEncoding = 4; lastKnownFileType = sourcecode.c.objc; path = SDPieLoopProgressView.m; sourceTree = "<group>"; };
		18D3DDC41B88D5710003DC7C /* SDPieProgressView.h */ = {isa = PBXFileReference; fileEncoding = 4; lastKnownFileType = sourcecode.c.h; path = SDPieProgressView.h; sourceTree = "<group>"; };
		18D3DDC51B88D5710003DC7C /* SDPieProgressView.m */ = {isa = PBXFileReference; fileEncoding = 4; lastKnownFileType = sourcecode.c.objc; path = SDPieProgressView.m; sourceTree = "<group>"; };
		18D3DDC61B88D5710003DC7C /* SDProgressView.h */ = {isa = PBXFileReference; fileEncoding = 4; lastKnownFileType = sourcecode.c.h; path = SDProgressView.h; sourceTree = "<group>"; };
		18D3DDC71B88D5710003DC7C /* SDRotationLoopProgressView.h */ = {isa = PBXFileReference; fileEncoding = 4; lastKnownFileType = sourcecode.c.h; path = SDRotationLoopProgressView.h; sourceTree = "<group>"; };
		18D3DDC81B88D5710003DC7C /* SDRotationLoopProgressView.m */ = {isa = PBXFileReference; fileEncoding = 4; lastKnownFileType = sourcecode.c.objc; path = SDRotationLoopProgressView.m; sourceTree = "<group>"; };
		18D3DDC91B88D5710003DC7C /* SDTransparentPieProgressView.h */ = {isa = PBXFileReference; fileEncoding = 4; lastKnownFileType = sourcecode.c.h; path = SDTransparentPieProgressView.h; sourceTree = "<group>"; };
		18D3DDCA1B88D5710003DC7C /* SDTransparentPieProgressView.m */ = {isa = PBXFileReference; fileEncoding = 4; lastKnownFileType = sourcecode.c.objc; path = SDTransparentPieProgressView.m; sourceTree = "<group>"; };
		18D3DDD21B88D6140003DC7C /* SDDemoItemView.h */ = {isa = PBXFileReference; fileEncoding = 4; lastKnownFileType = sourcecode.c.h; path = SDDemoItemView.h; sourceTree = "<group>"; };
		18D3DDD31B88D6140003DC7C /* SDDemoItemView.m */ = {isa = PBXFileReference; fileEncoding = 4; lastKnownFileType = sourcecode.c.objc; path = SDDemoItemView.m; sourceTree = "<group>"; };
/* End PBXFileReference section */

/* Begin PBXFrameworksBuildPhase section */
		1877A03F1B88CDD200669912 /* Frameworks */ = {
			isa = PBXFrameworksBuildPhase;
			buildActionMask = 2147483647;
			files = (
			);
			runOnlyForDeploymentPostprocessing = 0;
		};
		1877A0581B88CDD200669912 /* Frameworks */ = {
			isa = PBXFrameworksBuildPhase;
			buildActionMask = 2147483647;
			files = (
			);
			runOnlyForDeploymentPostprocessing = 0;
		};
/* End PBXFrameworksBuildPhase section */

/* Begin PBXGroup section */
		1877A0391B88CDD200669912 = {
			isa = PBXGroup;
			children = (
				1877A0441B88CDD200669912 /* animotionDemo1 */,
				1877A05E1B88CDD200669912 /* animotionDemo1Tests */,
				1877A0431B88CDD200669912 /* Products */,
			);
			sourceTree = "<group>";
		};
		1877A0431B88CDD200669912 /* Products */ = {
			isa = PBXGroup;
			children = (
				1877A0421B88CDD200669912 /* animotionDemo1.app */,
				1877A05B1B88CDD200669912 /* animotionDemo1Tests.xctest */,
			);
			name = Products;
			sourceTree = "<group>";
		};
		1877A0441B88CDD200669912 /* animotionDemo1 */ = {
			isa = PBXGroup;
			children = (
				1877A07E1B88D3B500669912 /* Lib */,
				1877A06C1B88CE0E00669912 /* Classes */,
				1877A06B1B88CDE700669912 /* Other */,
				1877A0451B88CDD200669912 /* Supporting Files */,
			);
			path = animotionDemo1;
			sourceTree = "<group>";
		};
		1877A0451B88CDD200669912 /* Supporting Files */ = {
			isa = PBXGroup;
			children = (
				1877A0461B88CDD200669912 /* Info.plist */,
				1877A0471B88CDD200669912 /* main.m */,
			);
			name = "Supporting Files";
			sourceTree = "<group>";
		};
		1877A05E1B88CDD200669912 /* animotionDemo1Tests */ = {
			isa = PBXGroup;
			children = (
				1877A0611B88CDD200669912 /* animotionDemo1Tests.m */,
				1877A05F1B88CDD200669912 /* Supporting Files */,
			);
			path = animotionDemo1Tests;
			sourceTree = "<group>";
		};
		1877A05F1B88CDD200669912 /* Supporting Files */ = {
			isa = PBXGroup;
			children = (
				1877A0601B88CDD200669912 /* Info.plist */,
			);
			name = "Supporting Files";
			sourceTree = "<group>";
		};
		1877A06B1B88CDE700669912 /* Other */ = {
			isa = PBXGroup;
			children = (
				1877A0491B88CDD200669912 /* AppDelegate.h */,
				1877A04A1B88CDD200669912 /* AppDelegate.m */,
				1877A0521B88CDD200669912 /* Images.xcassets */,
				1877A0791B88CE2100669912 /* Main.storyboard */,
			);
			path = Other;
			sourceTree = "<group>";
		};
		1877A06C1B88CE0E00669912 /* Classes */ = {
			isa = PBXGroup;
			children = (
				1877A06D1B88CE0E00669912 /* Controller */,
				1877A0741B88CE0E00669912 /* Modle */,
				1877A0751B88CE0E00669912 /* View */,
			);
			path = Classes;
			sourceTree = "<group>";
		};
		1877A06D1B88CE0E00669912 /* Controller */ = {
			isa = PBXGroup;
			children = (
				1877A06E1B88CE0E00669912 /* ViewController.h */,
				1877A06F1B88CE0E00669912 /* ViewController.m */,
				1877A0701B88CE0E00669912 /* WDCircleAnimationViewController.h */,
				1877A0711B88CE0E00669912 /* WDCircleAnimationViewController.m */,
				1877A0721B88CE0E00669912 /* WDImageAnimationViewController.h */,
				1877A0731B88CE0E00669912 /* WDImageAnimationViewController.m */,
				1877A07B1B88D38900669912 /* WDProgressViewController.h */,
				1877A07C1B88D38900669912 /* WDProgressViewController.m */,
			);
			path = Controller;
			sourceTree = "<group>";
		};
		1877A0741B88CE0E00669912 /* Modle */ = {
			isa = PBXGroup;
			children = (
			);
			path = Modle;
			sourceTree = "<group>";
		};
		1877A0751B88CE0E00669912 /* View */ = {
			isa = PBXGroup;
			children = (
				18D3DDD21B88D6140003DC7C /* SDDemoItemView.h */,
				18D3DDD31B88D6140003DC7C /* SDDemoItemView.m */,
			);
			path = View;
			sourceTree = "<group>";
		};
		1877A07E1B88D3B500669912 /* Lib */ = {
			isa = PBXGroup;
			children = (
				18D3DDBB1B88D5710003DC7C /* SDProgressView */,
				1877A07F1B88D3BC00669912 /* ACPDownload */,
			);
			path = Lib;
			sourceTree = "<group>";
		};
		1877A07F1B88D3BC00669912 /* ACPDownload */ = {
			isa = PBXGroup;
			children = (
				1877A0801B88D3BC00669912 /* ACPDownloadConstants.h */,
				1877A0811B88D3BC00669912 /* ACPDownloadConstants.m */,
				1877A0821B88D3BC00669912 /* ACPDownloadView.h */,
				1877A0831B88D3BC00669912 /* ACPDownloadView.m */,
				1877A0841B88D3BC00669912 /* ACPIndeterminateGoogleLayer.h */,
				1877A0851B88D3BC00669912 /* ACPIndeterminateGoogleLayer.m */,
				1877A0861B88D3BC00669912 /* ACPIndeterminateLayer.h */,
				1877A0871B88D3BC00669912 /* ACPIndeterminateLayer.m */,
				1877A0881B88D3BC00669912 /* ACPLayerProtocol.h */,
				1877A0891B88D3BC00669912 /* ACPProgressLayer.h */,
				1877A08A1B88D3BC00669912 /* ACPProgressLayer.m */,
				1877A08B1B88D3BC00669912 /* ACPStaticImages.h */,
				1877A08C1B88D3BC00669912 /* ACPStaticImages.m */,
				1877A08D1B88D3BC00669912 /* ACPStaticImagesAlternative.h */,
				1877A08E1B88D3BC00669912 /* ACPStaticImagesAlternative.m */,
				1877A08F1B88D3BC00669912 /* ACPStaticImagesProtocol.h */,
			);
			path = ACPDownload;
			sourceTree = "<group>";
		};
		18D3DDBB1B88D5710003DC7C /* SDProgressView */ = {
			isa = PBXGroup;
			children = (
				18D3DDBC1B88D5710003DC7C /* SDBallProgressView.h */,
				18D3DDBD1B88D5710003DC7C /* SDBallProgressView.m */,
				18D3DDBE1B88D5710003DC7C /* SDBaseProgressView.h */,
				18D3DDBF1B88D5710003DC7C /* SDBaseProgressView.m */,
				18D3DDC01B88D5710003DC7C /* SDLoopProgressView.h */,
				18D3DDC11B88D5710003DC7C /* SDLoopProgressView.m */,
				18D3DDC21B88D5710003DC7C /* SDPieLoopProgressView.h */,
				18D3DDC31B88D5710003DC7C /* SDPieLoopProgressView.m */,
				18D3DDC41B88D5710003DC7C /* SDPieProgressView.h */,
				18D3DDC51B88D5710003DC7C /* SDPieProgressView.m */,
				18D3DDC61B88D5710003DC7C /* SDProgressView.h */,
				18D3DDC71B88D5710003DC7C /* SDRotationLoopProgressView.h */,
				18D3DDC81B88D5710003DC7C /* SDRotationLoopProgressView.m */,
				18D3DDC91B88D5710003DC7C /* SDTransparentPieProgressView.h */,
				18D3DDCA1B88D5710003DC7C /* SDTransparentPieProgressView.m */,
			);
			path = SDProgressView;
			sourceTree = "<group>";
		};
/* End PBXGroup section */

/* Begin PBXNativeTarget section */
		1877A0411B88CDD200669912 /* animotionDemo1 */ = {
			isa = PBXNativeTarget;
			buildConfigurationList = 1877A0651B88CDD200669912 /* Build configuration list for PBXNativeTarget "animotionDemo1" */;
			buildPhases = (
				1877A03E1B88CDD200669912 /* Sources */,
				1877A03F1B88CDD200669912 /* Frameworks */,
				1877A0401B88CDD200669912 /* Resources */,
			);
			buildRules = (
			);
			dependencies = (
			);
			name = animotionDemo1;
			productName = animotionDemo1;
			productReference = 1877A0421B88CDD200669912 /* animotionDemo1.app */;
			productType = "com.apple.product-type.application";
		};
		1877A05A1B88CDD200669912 /* animotionDemo1Tests */ = {
			isa = PBXNativeTarget;
			buildConfigurationList = 1877A0681B88CDD200669912 /* Build configuration list for PBXNativeTarget "animotionDemo1Tests" */;
			buildPhases = (
				1877A0571B88CDD200669912 /* Sources */,
				1877A0581B88CDD200669912 /* Frameworks */,
				1877A0591B88CDD200669912 /* Resources */,
			);
			buildRules = (
			);
			dependencies = (
				1877A05D1B88CDD200669912 /* PBXTargetDependency */,
			);
			name = animotionDemo1Tests;
			productName = animotionDemo1Tests;
			productReference = 1877A05B1B88CDD200669912 /* animotionDemo1Tests.xctest */;
			productType = "com.apple.product-type.bundle.unit-test";
		};
/* End PBXNativeTarget section */

/* Begin PBXProject section */
		1877A03A1B88CDD200669912 /* Project object */ = {
			isa = PBXProject;
			attributes = {
				LastUpgradeCheck = 0640;
				ORGANIZATIONNAME = Wade;
				TargetAttributes = {
					1877A0411B88CDD200669912 = {
						CreatedOnToolsVersion = 6.4;
					};
					1877A05A1B88CDD200669912 = {
						CreatedOnToolsVersion = 6.4;
						TestTargetID = 1877A0411B88CDD200669912;
					};
				};
			};
			buildConfigurationList = 1877A03D1B88CDD200669912 /* Build configuration list for PBXProject "animotionDemo1" */;
			compatibilityVersion = "Xcode 3.2";
			developmentRegion = English;
			hasScannedForEncodings = 0;
			knownRegions = (
				en,
				Base,
			);
			mainGroup = 1877A0391B88CDD200669912;
			productRefGroup = 1877A0431B88CDD200669912 /* Products */;
			projectDirPath = "";
			projectRoot = "";
			targets = (
				1877A0411B88CDD200669912 /* animotionDemo1 */,
				1877A05A1B88CDD200669912 /* animotionDemo1Tests */,
			);
		};
/* End PBXProject section */

/* Begin PBXResourcesBuildPhase section */
		1877A0401B88CDD200669912 /* Resources */ = {
			isa = PBXResourcesBuildPhase;
			buildActionMask = 2147483647;
			files = (
				1877A07A1B88CE2100669912 /* Main.storyboard in Resources */,
				1877A0531B88CDD200669912 /* Images.xcassets in Resources */,
			);
			runOnlyForDeploymentPostprocessing = 0;
		};
		1877A0591B88CDD200669912 /* Resources */ = {
			isa = PBXResourcesBuildPhase;
			buildActionMask = 2147483647;
			files = (
			);
			runOnlyForDeploymentPostprocessing = 0;
		};
/* End PBXResourcesBuildPhase section */

/* Begin PBXSourcesBuildPhase section */
		1877A03E1B88CDD200669912 /* Sources */ = {
			isa = PBXSourcesBuildPhase;
			buildActionMask = 2147483647;
			files = (
				18D3DDCD1B88D5710003DC7C /* SDLoopProgressView.m in Sources */,
				1877A0931B88D3BC00669912 /* ACPIndeterminateLayer.m in Sources */,
				1877A0771B88CE0E00669912 /* WDCircleAnimationViewController.m in Sources */,
				1877A0951B88D3BC00669912 /* ACPStaticImages.m in Sources */,
				1877A0901B88D3BC00669912 /* ACPDownloadConstants.m in Sources */,
				18D3DDD41B88D6140003DC7C /* SDDemoItemView.m in Sources */,
				18D3DDCF1B88D5710003DC7C /* SDPieProgressView.m in Sources */,
				18D3DDCE1B88D5710003DC7C /* SDPieLoopProgressView.m in Sources */,
				1877A0781B88CE0E00669912 /* WDImageAnimationViewController.m in Sources */,
				18D3DDD11B88D5710003DC7C /* SDTransparentPieProgressView.m in Sources */,
				1877A0911B88D3BC00669912 /* ACPDownloadView.m in Sources */,
				1877A0961B88D3BC00669912 /* ACPStaticImagesAlternative.m in Sources */,
				1877A07D1B88D38900669912 /* WDProgressViewController.m in Sources */,
				1877A0761B88CE0E00669912 /* ViewController.m in Sources */,
				18D3DDCB1B88D5710003DC7C /* SDBallProgressView.m in Sources */,
				18D3DDD01B88D5710003DC7C /* SDRotationLoopProgressView.m in Sources */,
				1877A04B1B88CDD200669912 /* AppDelegate.m in Sources */,
				1877A0921B88D3BC00669912 /* ACPIndeterminateGoogleLayer.m in Sources */,
				1877A0481B88CDD200669912 /* main.m in Sources */,
				1877A0941B88D3BC00669912 /* ACPProgressLayer.m in Sources */,
				18D3DDCC1B88D5710003DC7C /* SDBaseProgressView.m in Sources */,
			);
			runOnlyForDeploymentPostprocessing = 0;
		};
		1877A0571B88CDD200669912 /* Sources */ = {
			isa = PBXSourcesBuildPhase;
			buildActionMask = 2147483647;
			files = (
				1877A0621B88CDD200669912 /* animotionDemo1Tests.m in Sources */,
			);
			runOnlyForDeploymentPostprocessing = 0;
		};
/* End PBXSourcesBuildPhase section */

/* Begin PBXTargetDependency section */
		1877A05D1B88CDD200669912 /* PBXTargetDependency */ = {
			isa = PBXTargetDependency;
			target = 1877A0411B88CDD200669912 /* animotionDemo1 */;
			targetProxy = 1877A05C1B88CDD200669912 /* PBXContainerItemProxy */;
		};
/* End PBXTargetDependency section */

/* Begin XCBuildConfiguration section */
		1877A0631B88CDD200669912 /* Debug */ = {
			isa = XCBuildConfiguration;
			buildSettings = {
				ALWAYS_SEARCH_USER_PATHS = NO;
				CLANG_CXX_LANGUAGE_STANDARD = "gnu++0x";
				CLANG_CXX_LIBRARY = "libc++";
				CLANG_ENABLE_MODULES = YES;
				CLANG_ENABLE_OBJC_ARC = YES;
				CLANG_WARN_BOOL_CONVERSION = YES;
				CLANG_WARN_CONSTANT_CONVERSION = YES;
				CLANG_WARN_DIRECT_OBJC_ISA_USAGE = YES_ERROR;
				CLANG_WARN_EMPTY_BODY = YES;
				CLANG_WARN_ENUM_CONVERSION = YES;
				CLANG_WARN_INT_CONVERSION = YES;
				CLANG_WARN_OBJC_ROOT_CLASS = YES_ERROR;
				CLANG_WARN_UNREACHABLE_CODE = YES;
				CLANG_WARN__DUPLICATE_METHOD_MATCH = YES;
				"CODE_SIGN_IDENTITY[sdk=iphoneos*]" = "iPhone Developer";
				COPY_PHASE_STRIP = NO;
				DEBUG_INFORMATION_FORMAT = "dwarf-with-dsym";
				ENABLE_STRICT_OBJC_MSGSEND = YES;
				GCC_C_LANGUAGE_STANDARD = gnu99;
				GCC_DYNAMIC_NO_PIC = NO;
				GCC_NO_COMMON_BLOCKS = YES;
				GCC_OPTIMIZATION_LEVEL = 0;
				GCC_PREPROCESSOR_DEFINITIONS = (
					"DEBUG=1",
					"$(inherited)",
				);
				GCC_SYMBOLS_PRIVATE_EXTERN = NO;
				GCC_WARN_64_TO_32_BIT_CONVERSION = YES;
				GCC_WARN_ABOUT_RETURN_TYPE = YES_ERROR;
				GCC_WARN_UNDECLARED_SELECTOR = YES;
				GCC_WARN_UNINITIALIZED_AUTOS = YES_AGGRESSIVE;
				GCC_WARN_UNUSED_FUNCTION = YES;
				GCC_WARN_UNUSED_VARIABLE = YES;
				IPHONEOS_DEPLOYMENT_TARGET = 8.4;
				MTL_ENABLE_DEBUG_INFO = YES;
				ONLY_ACTIVE_ARCH = YES;
				SDKROOT = iphoneos;
				TARGETED_DEVICE_FAMILY = "1,2";
			};
			name = Debug;
		};
		1877A0641B88CDD200669912 /* Release */ = {
			isa = XCBuildConfiguration;
			buildSettings = {
				ALWAYS_SEARCH_USER_PATHS = NO;
				CLANG_CXX_LANGUAGE_STANDARD = "gnu++0x";
				CLANG_CXX_LIBRARY = "libc++";
				CLANG_ENABLE_MODULES = YES;
				CLANG_ENABLE_OBJC_ARC = YES;
				CLANG_WARN_BOOL_CONVERSION = YES;
				CLANG_WARN_CONSTANT_CONVERSION = YES;
				CLANG_WARN_DIRECT_OBJC_ISA_USAGE = YES_ERROR;
				CLANG_WARN_EMPTY_BODY = YES;
				CLANG_WARN_ENUM_CONVERSION = YES;
				CLANG_WARN_INT_CONVERSION = YES;
				CLANG_WARN_OBJC_ROOT_CLASS = YES_ERROR;
				CLANG_WARN_UNREACHABLE_CODE = YES;
				CLANG_WARN__DUPLICATE_METHOD_MATCH = YES;
				"CODE_SIGN_IDENTITY[sdk=iphoneos*]" = "iPhone Developer";
				COPY_PHASE_STRIP = NO;
				DEBUG_INFORMATION_FORMAT = "dwarf-with-dsym";
				ENABLE_NS_ASSERTIONS = NO;
				ENABLE_STRICT_OBJC_MSGSEND = YES;
				GCC_C_LANGUAGE_STANDARD = gnu99;
				GCC_NO_COMMON_BLOCKS = YES;
				GCC_WARN_64_TO_32_BIT_CONVERSION = YES;
				GCC_WARN_ABOUT_RETURN_TYPE = YES_ERROR;
				GCC_WARN_UNDECLARED_SELECTOR = YES;
				GCC_WARN_UNINITIALIZED_AUTOS = YES_AGGRESSIVE;
				GCC_WARN_UNUSED_FUNCTION = YES;
				GCC_WARN_UNUSED_VARIABLE = YES;
				IPHONEOS_DEPLOYMENT_TARGET = 8.4;
				MTL_ENABLE_DEBUG_INFO = NO;
				SDKROOT = iphoneos;
				TARGETED_DEVICE_FAMILY = "1,2";
				VALIDATE_PRODUCT = YES;
			};
			name = Release;
		};
		1877A0661B88CDD200669912 /* Debug */ = {
			isa = XCBuildConfiguration;
			buildSettings = {
				ASSETCATALOG_COMPILER_APPICON_NAME = AppIcon;
				INFOPLIST_FILE = animotionDemo1/Info.plist;
				LD_RUNPATH_SEARCH_PATHS = "$(inherited) @executable_path/Frameworks";
				PRODUCT_NAME = "$(TARGET_NAME)";
			};
			name = Debug;
		};
		1877A0671B88CDD200669912 /* Release */ = {
			isa = XCBuildConfiguration;
			buildSettings = {
				ASSETCATALOG_COMPILER_APPICON_NAME = AppIcon;
				INFOPLIST_FILE = animotionDemo1/Info.plist;
				LD_RUNPATH_SEARCH_PATHS = "$(inherited) @executable_path/Frameworks";
				PRODUCT_NAME = "$(TARGET_NAME)";
			};
			name = Release;
		};
		1877A0691B88CDD200669912 /* Debug */ = {
			isa = XCBuildConfiguration;
			buildSettings = {
				BUNDLE_LOADER = "$(TEST_HOST)";
				FRAMEWORK_SEARCH_PATHS = (
					"$(SDKROOT)/Developer/Library/Frameworks",
					"$(inherited)",
				);
				GCC_PREPROCESSOR_DEFINITIONS = (
					"DEBUG=1",
					"$(inherited)",
				);
				INFOPLIST_FILE = animotionDemo1Tests/Info.plist;
				LD_RUNPATH_SEARCH_PATHS = "$(inherited) @executable_path/Frameworks @loader_path/Frameworks";
				PRODUCT_NAME = "$(TARGET_NAME)";
				TEST_HOST = "$(BUILT_PRODUCTS_DIR)/animotionDemo1.app/animotionDemo1";
			};
			name = Debug;
		};
		1877A06A1B88CDD200669912 /* Release */ = {
			isa = XCBuildConfiguration;
			buildSettings = {
				BUNDLE_LOADER = "$(TEST_HOST)";
				FRAMEWORK_SEARCH_PATHS = (
					"$(SDKROOT)/Developer/Library/Frameworks",
					"$(inherited)",
				);
				INFOPLIST_FILE = animotionDemo1Tests/Info.plist;
				LD_RUNPATH_SEARCH_PATHS = "$(inherited) @executable_path/Frameworks @loader_path/Frameworks";
				PRODUCT_NAME = "$(TARGET_NAME)";
				TEST_HOST = "$(BUILT_PRODUCTS_DIR)/animotionDemo1.app/animotionDemo1";
			};
			name = Release;
		};
/* End XCBuildConfiguration section */

/* Begin XCConfigurationList section */
		1877A03D1B88CDD200669912 /* Build configuration list for PBXProject "animotionDemo1" */ = {
			isa = XCConfigurationList;
			buildConfigurations = (
				1877A0631B88CDD200669912 /* Debug */,
				1877A0641B88CDD200669912 /* Release */,
			);
			defaultConfigurationIsVisible = 0;
			defaultConfigurationName = Release;
		};
		1877A0651B88CDD200669912 /* Build configuration list for PBXNativeTarget "animotionDemo1" */ = {
			isa = XCConfigurationList;
			buildConfigurations = (
				1877A0661B88CDD200669912 /* Debug */,
				1877A0671B88CDD200669912 /* Release */,
			);
			defaultConfigurationIsVisible = 0;
			defaultConfigurationName = Release;
		};
		1877A0681B88CDD200669912 /* Build configuration list for PBXNativeTarget "animotionDemo1Tests" */ = {
			isa = XCConfigurationList;
			buildConfigurations = (
				1877A0691B88CDD200669912 /* Debug */,
				1877A06A1B88CDD200669912 /* Release */,
			);
			defaultConfigurationIsVisible = 0;
			defaultConfigurationName = Release;
		};
/* End XCConfigurationList section */
	};
	rootObject = 1877A03A1B88CDD200669912 /* Project object */;
}
